
Microsoft Visual Studio Solution File, Format Version 12.00
# Visual Studio Version 17
VisualStudioVersion = 17.3.32819.101
MinimumVisualStudioVersion = 10.0.40219.1
Project("{9A19103F-16F7-4668-BE54-9A1E7A4F7556}") = "ConsoleDapperTest", "ConsoleDapperTest\ConsoleDapperTest.csproj", "{89E8414B-47DF-4FC9-AED1-3F4825622DD2}"
EndProject
Global
	GlobalSection(SolutionConfigurationPlatforms) = preSolution
		Debug|Any CPU = Debug|Any CPU
		Release|Any CPU = Release|Any CPU
	EndGlobalSection
	GlobalSection(ProjectConfigurationPlatforms) = postSolution
		{89E8414B-47DF-4FC9-AED1-3F4825622DD2}.Debug|Any CPU.ActiveCfg = Debug|Any CPU
		{89E8414B-47DF-4FC9-AED1-3F4825622DD2}.Debug|Any CPU.Build.0 = Debug|Any CPU
		{89E8414B-47DF-4FC9-AED1-3F4825622DD2}.Release|Any CPU.ActiveCfg = Release|Any CPU
		{89E8414B-47DF-4FC9-AED1-3F4825622DD2}.Release|Any CPU.Build.0 = Release|Any CPU
	EndGlobalSection
	GlobalSection(SolutionProperties) = preSolution
		HideSolutionNode = FALSE
	EndGlobalSection
	GlobalSection(ExtensibilityGlobals) = postSolution
		SolutionGuid = {609EBBDF-5A84-41D7-9ECC-B375B2C1993D}
	EndGlobalSection
EndGlobal
